
Microsoft Visual Studio Solution File, Format Version 12.00
# Visual Studio Version 16
VisualStudioVersion = 16.0.30523.141
MinimumVisualStudioVersion = 10.0.40219.1
Project("{9A19103F-16F7-4668-BE54-9A1E7A4F7556}") = "BookStore-API", "BookStore-API.csproj", "{7CA67AB6-53D2-4E7B-B8A8-67C3CBB6AA51}"
EndProject
Project("{9A19103F-16F7-4668-BE54-9A1E7A4F7556}") = "Bookstore-UI", "..\Bookstore-UI\Bookstore-UI.csproj", "{BACEC07B-49BA-45FA-B990-6B10DC3E369B}"
EndProject
Project("{9A19103F-16F7-4668-BE54-9A1E7A4F7556}") = "BookStore-UI.WASM", "..\BookStore-UI.WASM\BookStore-UI.WASM.csproj", "{6D70FB7B-E4CA-444E-9FEA-8D30D6E9A2B5}"
EndProject
Global
	GlobalSection(SolutionConfigurationPlatforms) = preSolution
		Debug|Any CPU = Debug|Any CPU
		Release|Any CPU = Release|Any CPU
	EndGlobalSection
	GlobalSection(ProjectConfigurationPlatforms) = postSolution
		{7CA67AB6-53D2-4E7B-B8A8-67C3CBB6AA51}.Debug|Any CPU.ActiveCfg = Debug|Any CPU
		{7CA67AB6-53D2-4E7B-B8A8-67C3CBB6AA51}.Debug|Any CPU.Build.0 = Debug|Any CPU
		{7CA67AB6-53D2-4E7B-B8A8-67C3CBB6AA51}.Release|Any CPU.ActiveCfg = Release|Any CPU
		{7CA67AB6-53D2-4E7B-B8A8-67C3CBB6AA51}.Release|Any CPU.Build.0 = Release|Any CPU
		{BACEC07B-49BA-45FA-B990-6B10DC3E369B}.Debug|Any CPU.ActiveCfg = Debug|Any CPU
		{BACEC07B-49BA-45FA-B990-6B10DC3E369B}.Debug|Any CPU.Build.0 = Debug|Any CPU
		{BACEC07B-49BA-45FA-B990-6B10DC3E369B}.Release|Any CPU.ActiveCfg = Release|Any CPU
		{BACEC07B-49BA-45FA-B990-6B10DC3E369B}.Release|Any CPU.Build.0 = Release|Any CPU
		{6D70FB7B-E4CA-444E-9FEA-8D30D6E9A2B5}.Debug|Any CPU.ActiveCfg = Debug|Any CPU
		{6D70FB7B-E4CA-444E-9FEA-8D30D6E9A2B5}.Debug|Any CPU.Build.0 = Debug|Any CPU
		{6D70FB7B-E4CA-444E-9FEA-8D30D6E9A2B5}.Release|Any CPU.ActiveCfg = Release|Any CPU
		{6D70FB7B-E4CA-444E-9FEA-8D30D6E9A2B5}.Release|Any CPU.Build.0 = Release|Any CPU
	EndGlobalSection
	GlobalSection(SolutionProperties) = preSolution
		HideSolutionNode = FALSE
	EndGlobalSection
	GlobalSection(ExtensibilityGlobals) = postSolution
		SolutionGuid = {FF474893-3A36-40A7-B795-9A1F211C713C}
	EndGlobalSection
EndGlobal
